// !$*UTF8*$!
{
	archiveVersion = 1;
	classes = {
	};
	objectVersion = 56;
	objects = {

/* Begin PBXBuildFile section */
		F31A1C212CE6FCD4009E5CE3 /* AppDelegate.m in Sources */ = {isa = PBXBuildFile; fileRef = F31A1C202CE6FCD4009E5CE3 /* AppDelegate.m */; };
		F31A1C242CE6FCD4009E5CE3 /* SceneDelegate.m in Sources */ = {isa = PBXBuildFile; fileRef = F31A1C232CE6FCD4009E5CE3 /* SceneDelegate.m */; };
		F31A1C272CE6FCD4009E5CE3 /* ViewController.m in Sources */ = {isa = PBXBuildFile; fileRef = F31A1C262CE6FCD4009E5CE3 /* ViewController.m */; };
		F31A1C2A2CE6FCD4009E5CE3 /* Main.storyboard in Resources */ = {isa = PBXBuildFile; fileRef = F31A1C282CE6FCD4009E5CE3 /* Main.storyboard */; };
		F31A1C2C2CE6FCD5009E5CE3 /* Assets.xcassets in Resources */ = {isa = PBXBuildFile; fileRef = F31A1C2B2CE6FCD5009E5CE3 /* Assets.xcassets */; };
		F31A1C2F2CE6FCD5009E5CE3 /* LaunchScreen.storyboard in Resources */ = {isa = PBXBuildFile; fileRef = F31A1C2D2CE6FCD5009E5CE3 /* LaunchScreen.storyboard */; };
		F31A1C322CE6FCD5009E5CE3 /* main.m in Sources */ = {isa = PBXBuildFile; fileRef = F31A1C312CE6FCD5009E5CE3 /* main.m */; };
/* End PBXBuildFile section */

/* Begin PBXFileReference section */
		F31A1C1C2CE6FCD4009E5CE3 /* shuwen-ios.app */ = {isa = PBXFileReference; explicitFileType = wrapper.application; includeInIndex = 0; path = "shuwen-ios.app"; sourceTree = BUILT_PRODUCTS_DIR; };
		F31A1C1F2CE6FCD4009E5CE3 /* AppDelegate.h */ = {isa = PBXFileReference; lastKnownFileType = sourcecode.c.h; path = AppDelegate.h; sourceTree = "<group>"; };
		F31A1C202CE6FCD4009E5CE3 /* AppDelegate.m */ = {isa = PBXFileReference; lastKnownFileType = sourcecode.c.objc; path = AppDelegate.m; sourceTree = "<group>"; };
		F31A1C222CE6FCD4009E5CE3 /* SceneDelegate.h */ = {isa = PBXFileReference; lastKnownFileType = sourcecode.c.h; path = SceneDelegate.h; sourceTree = "<group>"; };
		F31A1C232CE6FCD4009E5CE3 /* SceneDelegate.m */ = {isa = PBXFileReference; lastKnownFileType = sourcecode.c.objc; path = SceneDelegate.m; sourceTree = "<group>"; };
		F31A1C252CE6FCD4009E5CE3 /* ViewController.h */ = {isa = PBXFileReference; lastKnownFileType = sourcecode.c.h; path = ViewController.h; sourceTree = "<group>"; };
		F31A1C262CE6FCD4009E5CE3 /* ViewController.m */ = {isa = PBXFileReference; lastKnownFileType = sourcecode.c.objc; path = ViewController.m; sourceTree = "<group>"; };
		F31A1C292CE6FCD4009E5CE3 /* Base */ = {isa = PBXFileReference; lastKnownFileType = file.storyboard; name = Base; path = Base.lproj/Main.storyboard; sourceTree = "<group>"; };
		F31A1C2B2CE6FCD5009E5CE3 /* Assets.xcassets */ = {isa = PBXFileReference; lastKnownFileType = folder.assetcatalog; path = Assets.xcassets; sourceTree = "<group>"; };
		F31A1C2E2CE6FCD5009E5CE3 /* Base */ = {isa = PBXFileReference; lastKnownFileType = file.storyboard; name = Base; path = Base.lproj/LaunchScreen.storyboard; sourceTree = "<group>"; };
		F31A1C302CE6FCD5009E5CE3 /* Info.plist */ = {isa = PBXFileReference; lastKnownFileType = text.plist.xml; path = Info.plist; sourceTree = "<group>"; };
		F31A1C312CE6FCD5009E5CE3 /* main.m */ = {isa = PBXFileReference; lastKnownFileType = sourcecode.c.objc; path = main.m; sourceTree = "<group>"; };
/* End PBXFileReference section */

/* Begin PBXFrameworksBuildPhase section */
		F31A1C192CE6FCD4009E5CE3 /* Frameworks */ = {
			isa = PBXFrameworksBuildPhase;
			buildActionMask = 2147483647;
			files = (
			);
			runOnlyForDeploymentPostprocessing = 0;
		};
/* End PBXFrameworksBuildPhase section */

/* Begin PBXGroup section */
		F31A1C132CE6FCD4009E5CE3 = {
			isa = PBXGroup;
			children = (
				F31A1C1E2CE6FCD4009E5CE3 /* shuwen-ios */,
				F31A1C1D2CE6FCD4009E5CE3 /* Products */,
			);
			sourceTree = "<group>";
		};
		F31A1C1D2CE6FCD4009E5CE3 /* Products */ = {
			isa = PBXGroup;
			children = (
				F31A1C1C2CE6FCD4009E5CE3 /* shuwen-ios.app */,
			);
			name = Products;
			sourceTree = "<group>";
		};
		F31A1C1E2CE6FCD4009E5CE3 /* shuwen-ios */ = {
			isa = PBXGroup;
			children = (
				F31A1C1F2CE6FCD4009E5CE3 /* AppDelegate.h */,
				F31A1C202CE6FCD4009E5CE3 /* AppDelegate.m */,
				F31A1C222CE6FCD4009E5CE3 /* SceneDelegate.h */,
				F31A1C232CE6FCD4009E5CE3 /* SceneDelegate.m */,
				F31A1C252CE6FCD4009E5CE3 /* ViewController.h */,
				F31A1C262CE6FCD4009E5CE3 /* ViewController.m */,
				F31A1C282CE6FCD4009E5CE3 /* Main.storyboard */,
				F31A1C2B2CE6FCD5009E5CE3 /* Assets.xcassets */,
				F31A1C2D2CE6FCD5009E5CE3 /* LaunchScreen.storyboard */,
				F31A1C302CE6FCD5009E5CE3 /* Info.plist */,
				F31A1C312CE6FCD5009E5CE3 /* main.m */,
			);
			path = "shuwen-ios";
			sourceTree = "<group>";
		};
/* End PBXGroup section */

/* Begin PBXNativeTarget section */
		F31A1C1B2CE6FCD4009E5CE3 /* shuwen-ios */ = {
			isa = PBXNativeTarget;
			buildConfigurationList = F31A1C352CE6FCD5009E5CE3 /* Build configuration list for PBXNativeTarget "shuwen-ios" */;
			buildPhases = (
				F31A1C182CE6FCD4009E5CE3 /* Sources */,
				F31A1C192CE6FCD4009E5CE3 /* Frameworks */,
				F31A1C1A2CE6FCD4009E5CE3 /* Resources */,
			);
			buildRules = (
			);
			dependencies = (
			);
			name = "shuwen-ios";
			productName = "shuwen-ios";
			productReference = F31A1C1C2CE6FCD4009E5CE3 /* shuwen-ios.app */;
			productType = "com.apple.product-type.application";
		};
/* End PBXNativeTarget section */

/* Begin PBXProject section */
		F31A1C142CE6FCD4009E5CE3 /* Project object */ = {
			isa = PBXProject;
			attributes = {
				BuildIndependentTargetsInParallel = 1;
				LastUpgradeCheck = 1430;
				TargetAttributes = {
					F31A1C1B2CE6FCD4009E5CE3 = {
						CreatedOnToolsVersion = 14.3.1;
					};
				};
			};
			buildConfigurationList = F31A1C172CE6FCD4009E5CE3 /* Build configuration list for PBXProject "shuwen-ios" */;
			compatibilityVersion = "Xcode 14.0";
			developmentRegion = en;
			hasScannedForEncodings = 0;
			knownRegions = (
				en,
				Base,
			);
			mainGroup = F31A1C132CE6FCD4009E5CE3;
			productRefGroup = F31A1C1D2CE6FCD4009E5CE3 /* Products */;
			projectDirPath = "";
			projectRoot = "";
			targets = (
				F31A1C1B2CE6FCD4009E5CE3 /* shuwen-ios */,
			);
		};
/* End PBXProject section */

/* Begin PBXResourcesBuildPhase section */
		F31A1C1A2CE6FCD4009E5CE3 /* Resources */ = {
			isa = PBXResourcesBuildPhase;
			buildActionMask = 2147483647;
			files = (
				F31A1C2F2CE6FCD5009E5CE3 /* LaunchScreen.storyboard in Resources */,
				F31A1C2C2CE6FCD5009E5CE3 /* Assets.xcassets in Resources */,
				F31A1C2A2CE6FCD4009E5CE3 /* Main.storyboard in Resources */,
			);
			runOnlyForDeploymentPostprocessing = 0;
		};
/* End PBXResourcesBuildPhase section */

/* Begin PBXSourcesBuildPhase section */
		F31A1C182CE6FCD4009E5CE3 /* Sources */ = {
			isa = PBXSourcesBuildPhase;
			buildActionMask = 2147483647;
			files = (
				F31A1C272CE6FCD4009E5CE3 /* ViewController.m in Sources */,
				F31A1C212CE6FCD4009E5CE3 /* AppDelegate.m in Sources */,
				F31A1C322CE6FCD5009E5CE3 /* main.m in Sources */,
				F31A1C242CE6FCD4009E5CE3 /* SceneDelegate.m in Sources */,
			);
			runOnlyForDeploymentPostprocessing = 0;
		};
/* End PBXSourcesBuildPhase section */

/* Begin PBXVariantGroup section */
		F31A1C282CE6FCD4009E5CE3 /* Main.storyboard */ = {
			isa = PBXVariantGroup;
			children = (
				F31A1C292CE6FCD4009E5CE3 /* Base */,
			);
			name = Main.storyboard;
			sourceTree = "<group>";
		};
		F31A1C2D2CE6FCD5009E5CE3 /* LaunchScreen.storyboard */ = {
			isa = PBXVariantGroup;
			children = (
				F31A1C2E2CE6FCD5009E5CE3 /* Base */,
			);
			name = LaunchScreen.storyboard;
			sourceTree = "<group>";
		};
/* End PBXVariantGroup section */

/* Begin XCBuildConfiguration section */
		F31A1C332CE6FCD5009E5CE3 /* Debug */ = {
			isa = XCBuildConfiguration;
			buildSettings = {
				ALWAYS_SEARCH_USER_PATHS = NO;
				CLANG_ANALYZER_NONNULL = YES;
				CLANG_ANALYZER_NUMBER_OBJECT_CONVERSION = YES_AGGRESSIVE;
				CLANG_CXX_LANGUAGE_STANDARD = "gnu++20";
				CLANG_ENABLE_MODULES = YES;
				CLANG_ENABLE_OBJC_ARC = YES;
				CLANG_ENABLE_OBJC_WEAK = YES;
				CLANG_WARN_BLOCK_CAPTURE_AUTORELEASING = YES;
				CLANG_WARN_BOOL_CONVERSION = YES;
				CLANG_WARN_COMMA = YES;
				CLANG_WARN_CONSTANT_CONVERSION = YES;
				CLANG_WARN_DEPRECATED_OBJC_IMPLEMENTATIONS = YES;
				CLANG_WARN_DIRECT_OBJC_ISA_USAGE = YES_ERROR;
				CLANG_WARN_DOCUMENTATION_COMMENTS = YES;
				CLANG_WARN_EMPTY_BODY = YES;
				CLANG_WARN_ENUM_CONVERSION = YES;
				CLANG_WARN_INFINITE_RECURSION = YES;
				CLANG_WARN_INT_CONVERSION = YES;
				CLANG_WARN_NON_LITERAL_NULL_CONVERSION = YES;
				CLANG_WARN_OBJC_IMPLICIT_RETAIN_SELF = YES;
				CLANG_WARN_OBJC_LITERAL_CONVERSION = YES;
				CLANG_WARN_OBJC_ROOT_CLASS = YES_ERROR;
				CLANG_WARN_QUOTED_INCLUDE_IN_FRAMEWORK_HEADER = YES;
				CLANG_WARN_RANGE_LOOP_ANALYSIS = YES;
				CLANG_WARN_STRICT_PROTOTYPES = YES;
				CLANG_WARN_SUSPICIOUS_MOVE = YES;
				CLANG_WARN_UNGUARDED_AVAILABILITY = YES_AGGRESSIVE;
				CLANG_WARN_UNREACHABLE_CODE = YES;
				CLANG_WARN__DUPLICATE_METHOD_MATCH = YES;
				COPY_PHASE_STRIP = NO;
				DEBUG_INFORMATION_FORMAT = dwarf;
				ENABLE_STRICT_OBJC_MSGSEND = YES;
				ENABLE_TESTABILITY = YES;
				GCC_C_LANGUAGE_STANDARD = gnu11;
				GCC_DYNAMIC_NO_PIC = NO;
				GCC_NO_COMMON_BLOCKS = YES;
				GCC_OPTIMIZATION_LEVEL = 0;
				GCC_PREPROCESSOR_DEFINITIONS = (
					"DEBUG=1",
					"$(inherited)",
				);
				GCC_WARN_64_TO_32_BIT_CONVERSION = YES;
				GCC_WARN_ABOUT_RETURN_TYPE = YES_ERROR;
				GCC_WARN_UNDECLARED_SELECTOR = YES;
				GCC_WARN_UNINITIALIZED_AUTOS = YES_AGGRESSIVE;
				GCC_WARN_UNUSED_FUNCTION = YES;
				GCC_WARN_UNUSED_VARIABLE = YES;
				IPHONEOS_DEPLOYMENT_TARGET = 16.4;
				MTL_ENABLE_DEBUG_INFO = INCLUDE_SOURCE;
				MTL_FAST_MATH = YES;
				ONLY_ACTIVE_ARCH = YES;
				SDKROOT = iphoneos;
			};
			name = Debug;
		};
		F31A1C342CE6FCD5009E5CE3 /* Release */ = {
			isa = XCBuildConfiguration;
			buildSettings = {
				ALWAYS_SEARCH_USER_PATHS = NO;
				CLANG_ANALYZER_NONNULL = YES;
				CLANG_ANALYZER_NUMBER_OBJECT_CONVERSION = YES_AGGRESSIVE;
				CLANG_CXX_LANGUAGE_STANDARD = "gnu++20";
				CLANG_ENABLE_MODULES = YES;
				CLANG_ENABLE_OBJC_ARC = YES;
				CLANG_ENABLE_OBJC_WEAK = YES;
				CLANG_WARN_BLOCK_CAPTURE_AUTORELEASING = YES;
				CLANG_WARN_BOOL_CONVERSION = YES;
				CLANG_WARN_COMMA = YES;
				CLANG_WARN_CONSTANT_CONVERSION = YES;
				CLANG_WARN_DEPRECATED_OBJC_IMPLEMENTATIONS = YES;
				CLANG_WARN_DIRECT_OBJC_ISA_USAGE = YES_ERROR;
				CLANG_WARN_DOCUMENTATION_COMMENTS = YES;
				CLANG_WARN_EMPTY_BODY = YES;
				CLANG_WARN_ENUM_CONVERSION = YES;
				CLANG_WARN_INFINITE_RECURSION = YES;
				CLANG_WARN_INT_CONVERSION = YES;
				CLANG_WARN_NON_LITERAL_NULL_CONVERSION = YES;
				CLANG_WARN_OBJC_IMPLICIT_RETAIN_SELF = YES;
				CLANG_WARN_OBJC_LITERAL_CONVERSION = YES;
				CLANG_WARN_OBJC_ROOT_CLASS = YES_ERROR;
				CLANG_WARN_QUOTED_INCLUDE_IN_FRAMEWORK_HEADER = YES;
				CLANG_WARN_RANGE_LOOP_ANALYSIS = YES;
				CLANG_WARN_STRICT_PROTOTYPES = YES;
				CLANG_WARN_SUSPICIOUS_MOVE = YES;
				CLANG_WARN_UNGUARDED_AVAILABILITY = YES_AGGRESSIVE;
				CLANG_WARN_UNREACHABLE_CODE = YES;
				CLANG_WARN__DUPLICATE_METHOD_MATCH = YES;
				COPY_PHASE_STRIP = NO;
				DEBUG_INFORMATION_FORMAT = "dwarf-with-dsym";
				ENABLE_NS_ASSERTIONS = NO;
				ENABLE_STRICT_OBJC_MSGSEND = YES;
				GCC_C_LANGUAGE_STANDARD = gnu11;
				GCC_NO_COMMON_BLOCKS = YES;
				GCC_WARN_64_TO_32_BIT_CONVERSION = YES;
				GCC_WARN_ABOUT_RETURN_TYPE = YES_ERROR;
				GCC_WARN_UNDECLARED_SELECTOR = YES;
				GCC_WARN_UNINITIALIZED_AUTOS = YES_AGGRESSIVE;
				GCC_WARN_UNUSED_FUNCTION = YES;
				GCC_WARN_UNUSED_VARIABLE = YES;
				IPHONEOS_DEPLOYMENT_TARGET = 16.4;
				MTL_ENABLE_DEBUG_INFO = NO;
				MTL_FAST_MATH = YES;
				SDKROOT = iphoneos;
				VALIDATE_PRODUCT = YES;
			};
			name = Release;
		};
		F31A1C362CE6FCD5009E5CE3 /* Debug */ = {
			isa = XCBuildConfiguration;
			buildSettings = {
				ASSETCATALOG_COMPILER_APPICON_NAME = AppIcon;
				ASSETCATALOG_COMPILER_GLOBAL_ACCENT_COLOR_NAME = AccentColor;
				CODE_SIGN_STYLE = Automatic;
				CURRENT_PROJECT_VERSION = 1;
				DEVELOPMENT_TEAM = 7X9M75N35U;
				GENERATE_INFOPLIST_FILE = YES;
				INFOPLIST_FILE = "shuwen-ios/Info.plist";
				INFOPLIST_KEY_UIApplicationSupportsIndirectInputEvents = YES;
				INFOPLIST_KEY_UILaunchStoryboardName = LaunchScreen;
				INFOPLIST_KEY_UIMainStoryboardFile = Main;
				INFOPLIST_KEY_UISupportedInterfaceOrientations_iPad = "UIInterfaceOrientationPortrait UIInterfaceOrientationPortraitUpsideDown UIInterfaceOrientationLandscapeLeft UIInterfaceOrientationLandscapeRight";
				INFOPLIST_KEY_UISupportedInterfaceOrientations_iPhone = "UIInterfaceOrientationPortrait UIInterfaceOrientationLandscapeLeft UIInterfaceOrientationLandscapeRight";
				LD_RUNPATH_SEARCH_PATHS = (
					"$(inherited)",
					"@executable_path/Frameworks",
				);
				MARKETING_VERSION = 1.0;
				PRODUCT_BUNDLE_IDENTIFIER = "shuwen.shuwen-ios";
				PRODUCT_NAME = "$(TARGET_NAME)";
				SWIFT_EMIT_LOC_STRINGS = YES;
				TARGETED_DEVICE_FAMILY = "1,2";
			};
			name = Debug;
		};
		F31A1C372CE6FCD5009E5CE3 /* Release */ = {
			isa = XCBuildConfiguration;
			buildSettings = {
				ASSETCATALOG_COMPILER_APPICON_NAME = AppIcon;
				ASSETCATALOG_COMPILER_GLOBAL_ACCENT_COLOR_NAME = AccentColor;
				CODE_SIGN_STYLE = Automatic;
				CURRENT_PROJECT_VERSION = 1;
				DEVELOPMENT_TEAM = 7X9M75N35U;
				GENERATE_INFOPLIST_FILE = YES;
				INFOPLIST_FILE = "shuwen-ios/Info.plist";
				INFOPLIST_KEY_UIApplicationSupportsIndirectInputEvents = YES;
				INFOPLIST_KEY_UILaunchStoryboardName = LaunchScreen;
				INFOPLIST_KEY_UIMainStoryboardFile = Main;
				INFOPLIST_KEY_UISupportedInterfaceOrientations_iPad = "UIInterfaceOrientationPortrait UIInterfaceOrientationPortraitUpsideDown UIInterfaceOrientationLandscapeLeft UIInterfaceOrientationLandscapeRight";
				INFOPLIST_KEY_UISupportedInterfaceOrientations_iPhone = "UIInterfaceOrientationPortrait UIInterfaceOrientationLandscapeLeft UIInterfaceOrientationLandscapeRight";
				LD_RUNPATH_SEARCH_PATHS = (
					"$(inherited)",
					"@executable_path/Frameworks",
				);
				MARKETING_VERSION = 1.0;
				PRODUCT_BUNDLE_IDENTIFIER = "shuwen.shuwen-ios";
				PRODUCT_NAME = "$(TARGET_NAME)";
				SWIFT_EMIT_LOC_STRINGS = YES;
				TARGETED_DEVICE_FAMILY = "1,2";
			};
			name = Release;
		};
/* End XCBuildConfiguration section */

/* Begin XCConfigurationList section */
		F31A1C172CE6FCD4009E5CE3 /* Build configuration list for PBXProject "shuwen-ios" */ = {
			isa = XCConfigurationList;
			buildConfigurations = (
				F31A1C332CE6FCD5009E5CE3 /* Debug */,
				F31A1C342CE6FCD5009E5CE3 /* Release */,
			);
			defaultConfigurationIsVisible = 0;
			defaultConfigurationName = Release;
		};
		F31A1C352CE6FCD5009E5CE3 /* Build configuration list for PBXNativeTarget "shuwen-ios" */ = {
			isa = XCConfigurationList;
			buildConfigurations = (
				F31A1C362CE6FCD5009E5CE3 /* Debug */,
				F31A1C372CE6FCD5009E5CE3 /* Release */,
			);
			defaultConfigurationIsVisible = 0;
			defaultConfigurationName = Release;
		};
/* End XCConfigurationList section */
	};
	rootObject = F31A1C142CE6FCD4009E5CE3 /* Project object */;
}
